// !$*UTF8*$!
{
	archiveVersion = 1;
	classes = {
	};
	objectVersion = 50;
	objects = {

/* Begin PBXBuildFile section */
		D078929423D16A82009779F4 /* AppDelegate.swift in Sources */ = {isa = PBXBuildFile; fileRef = D078929323D16A82009779F4 /* AppDelegate.swift */; };
		D078929623D16A83009779F4 /* ViewController.swift in Sources */ = {isa = PBXBuildFile; fileRef = D078929523D16A83009779F4 /* ViewController.swift */; };
		D078929823D16A84009779F4 /* Assets.xcassets in Resources */ = {isa = PBXBuildFile; fileRef = D078929723D16A84009779F4 /* Assets.xcassets */; };
		D078929B23D16A84009779F4 /* Main.storyboard in Resources */ = {isa = PBXBuildFile; fileRef = D078929923D16A84009779F4 /* Main.storyboard */; };
		D07892A423D16AAF009779F4 /* ColoredView.swift in Sources */ = {isa = PBXBuildFile; fileRef = D07892A323D16AAF009779F4 /* ColoredView.swift */; };
/* End PBXBuildFile section */

/* Begin PBXFileReference section */
		D078929023D16A82009779F4 /* CALayerMovingSample2.app */ = {isa = PBXFileReference; explicitFileType = wrapper.application; includeInIndex = 0; path = CALayerMovingSample2.app; sourceTree = BUILT_PRODUCTS_DIR; };
		D078929323D16A82009779F4 /* AppDelegate.swift */ = {isa = PBXFileReference; lastKnownFileType = sourcecode.swift; path = AppDelegate.swift; sourceTree = "<group>"; };
		D078929523D16A83009779F4 /* ViewController.swift */ = {isa = PBXFileReference; lastKnownFileType = sourcecode.swift; path = ViewController.swift; sourceTree = "<group>"; };
		D078929723D16A84009779F4 /* Assets.xcassets */ = {isa = PBXFileReference; lastKnownFileType = folder.assetcatalog; path = Assets.xcassets; sourceTree = "<group>"; };
		D078929A23D16A84009779F4 /* Base */ = {isa = PBXFileReference; lastKnownFileType = file.storyboard; name = Base; path = Base.lproj/Main.storyboard; sourceTree = "<group>"; };
		D078929C23D16A84009779F4 /* Info.plist */ = {isa = PBXFileReference; lastKnownFileType = text.plist.xml; path = Info.plist; sourceTree = "<group>"; };
		D078929D23D16A84009779F4 /* CALayerMovingSample2.entitlements */ = {isa = PBXFileReference; lastKnownFileType = text.plist.entitlements; path = CALayerMovingSample2.entitlements; sourceTree = "<group>"; };
		D07892A323D16AAF009779F4 /* ColoredView.swift */ = {isa = PBXFileReference; lastKnownFileType = sourcecode.swift; path = ColoredView.swift; sourceTree = "<group>"; };
/* End PBXFileReference section */

/* Begin PBXFrameworksBuildPhase section */
		D078928D23D16A82009779F4 /* Frameworks */ = {
			isa = PBXFrameworksBuildPhase;
			buildActionMask = 2147483647;
			files = (
			);
			runOnlyForDeploymentPostprocessing = 0;
		};
/* End PBXFrameworksBuildPhase section */

/* Begin PBXGroup section */
		D078928723D16A82009779F4 = {
			isa = PBXGroup;
			children = (
				D078929223D16A82009779F4 /* CALayerMovingSample2 */,
				D078929123D16A82009779F4 /* Products */,
			);
			sourceTree = "<group>";
		};
		D078929123D16A82009779F4 /* Products */ = {
			isa = PBXGroup;
			children = (
				D078929023D16A82009779F4 /* CALayerMovingSample2.app */,
			);
			name = Products;
			sourceTree = "<group>";
		};
		D078929223D16A82009779F4 /* CALayerMovingSample2 */ = {
			isa = PBXGroup;
			children = (
				D078929323D16A82009779F4 /* AppDelegate.swift */,
				D078929523D16A83009779F4 /* ViewController.swift */,
				D07892A323D16AAF009779F4 /* ColoredView.swift */,
				D078929723D16A84009779F4 /* Assets.xcassets */,
				D078929923D16A84009779F4 /* Main.storyboard */,
				D078929C23D16A84009779F4 /* Info.plist */,
				D078929D23D16A84009779F4 /* CALayerMovingSample2.entitlements */,
			);
			path = CALayerMovingSample2;
			sourceTree = "<group>";
		};
/* End PBXGroup section */

/* Begin PBXNativeTarget section */
		D078928F23D16A82009779F4 /* CALayerMovingSample2 */ = {
			isa = PBXNativeTarget;
			buildConfigurationList = D07892A023D16A84009779F4 /* Build configuration list for PBXNativeTarget "CALayerMovingSample2" */;
			buildPhases = (
				D078928C23D16A82009779F4 /* Sources */,
				D078928D23D16A82009779F4 /* Frameworks */,
				D078928E23D16A82009779F4 /* Resources */,
			);
			buildRules = (
			);
			dependencies = (
			);
			name = CALayerMovingSample2;
			productName = CALayerMovingSample2;
			productReference = D078929023D16A82009779F4 /* CALayerMovingSample2.app */;
			productType = "com.apple.product-type.application";
		};
/* End PBXNativeTarget section */

/* Begin PBXProject section */
		D078928823D16A82009779F4 /* Project object */ = {
			isa = PBXProject;
			attributes = {
				LastSwiftUpdateCheck = 1010;
				LastUpgradeCheck = 1010;
				ORGANIZATIONNAME = hikeuchi;
				TargetAttributes = {
					D078928F23D16A82009779F4 = {
						CreatedOnToolsVersion = 10.1;
					};
				};
			};
			buildConfigurationList = D078928B23D16A82009779F4 /* Build configuration list for PBXProject "CALayerMovingSample2" */;
			compatibilityVersion = "Xcode 9.3";
			developmentRegion = en;
			hasScannedForEncodings = 0;
			knownRegions = (
				en,
				Base,
			);
			mainGroup = D078928723D16A82009779F4;
			productRefGroup = D078929123D16A82009779F4 /* Products */;
			projectDirPath = "";
			projectRoot = "";
			targets = (
				D078928F23D16A82009779F4 /* CALayerMovingSample2 */,
			);
		};
/* End PBXProject section */

/* Begin PBXResourcesBuildPhase section */
		D078928E23D16A82009779F4 /* Resources */ = {
			isa = PBXResourcesBuildPhase;
			buildActionMask = 2147483647;
			files = (
				D078929823D16A84009779F4 /* Assets.xcassets in Resources */,
				D078929B23D16A84009779F4 /* Main.storyboard in Resources */,
			);
			runOnlyForDeploymentPostprocessing = 0;
		};
/* End PBXResourcesBuildPhase section */

/* Begin PBXSourcesBuildPhase section */
		D078928C23D16A82009779F4 /* Sources */ = {
			isa = PBXSourcesBuildPhase;
			buildActionMask = 2147483647;
			files = (
				D078929623D16A83009779F4 /* ViewController.swift in Sources */,
				D078929423D16A82009779F4 /* AppDelegate.swift in Sources */,
				D07892A423D16AAF009779F4 /* ColoredView.swift in Sources */,
			);
			runOnlyForDeploymentPostprocessing = 0;
		};
/* End PBXSourcesBuildPhase section */

/* Begin PBXVariantGroup section */
		D078929923D16A84009779F4 /* Main.storyboard */ = {
			isa = PBXVariantGroup;
			children = (
				D078929A23D16A84009779F4 /* Base */,
			);
			name = Main.storyboard;
			sourceTree = "<group>";
		};
/* End PBXVariantGroup section */

/* Begin XCBuildConfiguration section */
		D078929E23D16A84009779F4 /* Debug */ = {
			isa = XCBuildConfiguration;
			buildSettings = {
				ALWAYS_SEARCH_USER_PATHS = NO;
				CLANG_ANALYZER_NONNULL = YES;
				CLANG_ANALYZER_NUMBER_OBJECT_CONVERSION = YES_AGGRESSIVE;
				CLANG_CXX_LANGUAGE_STANDARD = "gnu++14";
				CLANG_CXX_LIBRARY = "libc++";
				CLANG_ENABLE_MODULES = YES;
				CLANG_ENABLE_OBJC_ARC = YES;
				CLANG_ENABLE_OBJC_WEAK = YES;
				CLANG_WARN_BLOCK_CAPTURE_AUTORELEASING = YES;
				CLANG_WARN_BOOL_CONVERSION = YES;
				CLANG_WARN_COMMA = YES;
				CLANG_WARN_CONSTANT_CONVERSION = YES;
				CLANG_WARN_DEPRECATED_OBJC_IMPLEMENTATIONS = YES;
				CLANG_WARN_DIRECT_OBJC_ISA_USAGE = YES_ERROR;
				CLANG_WARN_DOCUMENTATION_COMMENTS = YES;
				CLANG_WARN_EMPTY_BODY = YES;
				CLANG_WARN_ENUM_CONVERSION = YES;
				CLANG_WARN_INFINITE_RECURSION = YES;
				CLANG_WARN_INT_CONVERSION = YES;
				CLANG_WARN_NON_LITERAL_NULL_CONVERSION = YES;
				CLANG_WARN_OBJC_IMPLICIT_RETAIN_SELF = YES;
				CLANG_WARN_OBJC_LITERAL_CONVERSION = YES;
				CLANG_WARN_OBJC_ROOT_CLASS = YES_ERROR;
				CLANG_WARN_RANGE_LOOP_ANALYSIS = YES;
				CLANG_WARN_STRICT_PROTOTYPES = YES;
				CLANG_WARN_SUSPICIOUS_MOVE = YES;
				CLANG_WARN_UNGUARDED_AVAILABILITY = YES_AGGRESSIVE;
				CLANG_WARN_UNREACHABLE_CODE = YES;
				CLANG_WARN__DUPLICATE_METHOD_MATCH = YES;
				CODE_SIGN_IDENTITY = "-";
				COPY_PHASE_STRIP = NO;
				DEBUG_INFORMATION_FORMAT = dwarf;
				ENABLE_STRICT_OBJC_MSGSEND = YES;
				ENABLE_TESTABILITY = YES;
				GCC_C_LANGUAGE_STANDARD = gnu11;
				GCC_DYNAMIC_NO_PIC = NO;
				GCC_NO_COMMON_BLOCKS = YES;
				GCC_OPTIMIZATION_LEVEL = 0;
				GCC_PREPROCESSOR_DEFINITIONS = (
					"DEBUG=1",
					"$(inherited)",
				);
				GCC_WARN_64_TO_32_BIT_CONVERSION = YES;
				GCC_WARN_ABOUT_RETURN_TYPE = YES_ERROR;
				GCC_WARN_UNDECLARED_SELECTOR = YES;
				GCC_WARN_UNINITIALIZED_AUTOS = YES_AGGRESSIVE;
				GCC_WARN_UNUSED_FUNCTION = YES;
				GCC_WARN_UNUSED_VARIABLE = YES;
				MACOSX_DEPLOYMENT_TARGET = 10.13;
				MTL_ENABLE_DEBUG_INFO = INCLUDE_SOURCE;
				MTL_FAST_MATH = YES;
				ONLY_ACTIVE_ARCH = YES;
				SDKROOT = macosx;
				SWIFT_ACTIVE_COMPILATION_CONDITIONS = DEBUG;
				SWIFT_OPTIMIZATION_LEVEL = "-Onone";
			};
			name = Debug;
		};
		D078929F23D16A84009779F4 /* Release */ = {
			isa = XCBuildConfiguration;
			buildSettings = {
				ALWAYS_SEARCH_USER_PATHS = NO;
				CLANG_ANALYZER_NONNULL = YES;
				CLANG_ANALYZER_NUMBER_OBJECT_CONVERSION = YES_AGGRESSIVE;
				CLANG_CXX_LANGUAGE_STANDARD = "gnu++14";
				CLANG_CXX_LIBRARY = "libc++";
				CLANG_ENABLE_MODULES = YES;
				CLANG_ENABLE_OBJC_ARC = YES;
				CLANG_ENABLE_OBJC_WEAK = YES;
				CLANG_WARN_BLOCK_CAPTURE_AUTORELEASING = YES;
				CLANG_WARN_BOOL_CONVERSION = YES;
				CLANG_WARN_COMMA = YES;
				CLANG_WARN_CONSTANT_CONVERSION = YES;
				CLANG_WARN_DEPRECATED_OBJC_IMPLEMENTATIONS = YES;
				CLANG_WARN_DIRECT_OBJC_ISA_USAGE = YES_ERROR;
				CLANG_WARN_DOCUMENTATION_COMMENTS = YES;
				CLANG_WARN_EMPTY_BODY = YES;
				CLANG_WARN_ENUM_CONVERSION = YES;
				CLANG_WARN_INFINITE_RECURSION = YES;
				CLANG_WARN_INT_CONVERSION = YES;
				CLANG_WARN_NON_LITERAL_NULL_CONVERSION = YES;
				CLANG_WARN_OBJC_IMPLICIT_RETAIN_SELF = YES;
				CLANG_WARN_OBJC_LITERAL_CONVERSION = YES;
				CLANG_WARN_OBJC_ROOT_CLASS = YES_ERROR;
				CLANG_WARN_RANGE_LOOP_ANALYSIS = YES;
				CLANG_WARN_STRICT_PROTOTYPES = YES;
				CLANG_WARN_SUSPICIOUS_MOVE = YES;
				CLANG_WARN_UNGUARDED_AVAILABILITY = YES_AGGRESSIVE;
				CLANG_WARN_UNREACHABLE_CODE = YES;
				CLANG_WARN__DUPLICATE_METHOD_MATCH = YES;
				CODE_SIGN_IDENTITY = "-";
				COPY_PHASE_STRIP = NO;
				DEBUG_INFORMATION_FORMAT = "dwarf-with-dsym";
				ENABLE_NS_ASSERTIONS = NO;
				ENABLE_STRICT_OBJC_MSGSEND = YES;
				GCC_C_LANGUAGE_STANDARD = gnu11;
				GCC_NO_COMMON_BLOCKS = YES;
				GCC_WARN_64_TO_32_BIT_CONVERSION = YES;
				GCC_WARN_ABOUT_RETURN_TYPE = YES_ERROR;
				GCC_WARN_UNDECLARED_SELECTOR = YES;
				GCC_WARN_UNINITIALIZED_AUTOS = YES_AGGRESSIVE;
				GCC_WARN_UNUSED_FUNCTION = YES;
				GCC_WARN_UNUSED_VARIABLE = YES;
				MACOSX_DEPLOYMENT_TARGET = 10.13;
				MTL_ENABLE_DEBUG_INFO = NO;
				MTL_FAST_MATH = YES;
				SDKROOT = macosx;
				SWIFT_COMPILATION_MODE = wholemodule;
				SWIFT_OPTIMIZATION_LEVEL = "-O";
			};
			name = Release;
		};
		D07892A123D16A84009779F4 /* Debug */ = {
			isa = XCBuildConfiguration;
			buildSettings = {
				ASSETCATALOG_COMPILER_APPICON_NAME = AppIcon;
				CODE_SIGN_ENTITLEMENTS = CALayerMovingSample2/CALayerMovingSample2.entitlements;
				CODE_SIGN_STYLE = Automatic;
				COMBINE_HIDPI_IMAGES = YES;
				INFOPLIST_FILE = CALayerMovingSample2/Info.plist;
				LD_RUNPATH_SEARCH_PATHS = (
					"$(inherited)",
					"@executable_path/../Frameworks",
				);
				PRODUCT_BUNDLE_IDENTIFIER = jp.co.hikeuchi.CALayerMovingSample2;
				PRODUCT_NAME = "$(TARGET_NAME)";
				SWIFT_VERSION = 4.2;
			};
			name = Debug;
		};
		D07892A223D16A84009779F4 /* Release */ = {
			isa = XCBuildConfiguration;
			buildSettings = {
				ASSETCATALOG_COMPILER_APPICON_NAME = AppIcon;
				CODE_SIGN_ENTITLEMENTS = CALayerMovingSample2/CALayerMovingSample2.entitlements;
				CODE_SIGN_STYLE = Automatic;
				COMBINE_HIDPI_IMAGES = YES;
				INFOPLIST_FILE = CALayerMovingSample2/Info.plist;
				LD_RUNPATH_SEARCH_PATHS = (
					"$(inherited)",
					"@executable_path/../Frameworks",
				);
				PRODUCT_BUNDLE_IDENTIFIER = jp.co.hikeuchi.CALayerMovingSample2;
				PRODUCT_NAME = "$(TARGET_NAME)";
				SWIFT_VERSION = 4.2;
			};
			name = Release;
		};
/* End XCBuildConfiguration section */

/* Begin XCConfigurationList section */
		D078928B23D16A82009779F4 /* Build configuration list for PBXProject "CALayerMovingSample2" */ = {
			isa = XCConfigurationList;
			buildConfigurations = (
				D078929E23D16A84009779F4 /* Debug */,
				D078929F23D16A84009779F4 /* Release */,
			);
			defaultConfigurationIsVisible = 0;
			defaultConfigurationName = Release;
		};
		D07892A023D16A84009779F4 /* Build configuration list for PBXNativeTarget "CALayerMovingSample2" */ = {
			isa = XCConfigurationList;
			buildConfigurations = (
				D07892A123D16A84009779F4 /* Debug */,
				D07892A223D16A84009779F4 /* Release */,
			);
			defaultConfigurationIsVisible = 0;
			defaultConfigurationName = Release;
		};
/* End XCConfigurationList section */
	};
	rootObject = D078928823D16A82009779F4 /* Project object */;
}
